
Microsoft Visual Studio Solution File, Format Version 12.00
# Visual Studio 15
VisualStudioVersion = 15.0.27130.2024
MinimumVisualStudioVersion = 10.0.40219.1
Project("{2150E333-8FDC-42A3-9474-1A3956D46DE8}") = "Solution Items", "Solution Items", "{A99DE6DE-FBFA-470A-96AA-2AB6B44898FE}"
	ProjectSection(SolutionItems) = preProject
		README.md = README.md
	EndProjectSection
EndProject
Project("{888888A0-9F3D-457C-B088-3A5042F75D52}") = "pyGF", "pyGF\pyGF.pyproj", "{DAD6CCEE-9E0A-4BC3-AF48-94BA3D75B4C5}"
EndProject
Project("{8BC9CEB8-8B4A-11D0-8D11-00A0C91BC942}") = "ecc-lib-testing", "ecc-lib-testing\ecc-lib-testing.vcxproj", "{C57EC6F6-DB02-4B22-9241-9AC9AA24A390}"
EndProject
Project("{8BC9CEB8-8B4A-11D0-8D11-00A0C91BC942}") = "ecclib", "ecclib\ecclib.vcxproj", "{60454742-7B95-4C00-9FCE-7B2C2C590A94}"
EndProject
Global
	GlobalSection(SolutionConfigurationPlatforms) = preSolution
		Debug|Any CPU = Debug|Any CPU
		Debug|x64 = Debug|x64
		Debug|x86 = Debug|x86
		Release|Any CPU = Release|Any CPU
		Release|x64 = Release|x64
		Release|x86 = Release|x86
	EndGlobalSection
	GlobalSection(ProjectConfigurationPlatforms) = postSolution
		{DAD6CCEE-9E0A-4BC3-AF48-94BA3D75B4C5}.Debug|Any CPU.ActiveCfg = Debug|Any CPU
		{DAD6CCEE-9E0A-4BC3-AF48-94BA3D75B4C5}.Debug|x64.ActiveCfg = Debug|Any CPU
		{DAD6CCEE-9E0A-4BC3-AF48-94BA3D75B4C5}.Debug|x86.ActiveCfg = Debug|Any CPU
		{DAD6CCEE-9E0A-4BC3-AF48-94BA3D75B4C5}.Release|Any CPU.ActiveCfg = Release|Any CPU
		{DAD6CCEE-9E0A-4BC3-AF48-94BA3D75B4C5}.Release|x64.ActiveCfg = Debug|Any CPU
		{DAD6CCEE-9E0A-4BC3-AF48-94BA3D75B4C5}.Release|x86.ActiveCfg = Release|Any CPU
		{C57EC6F6-DB02-4B22-9241-9AC9AA24A390}.Debug|Any CPU.ActiveCfg = Debug|Win32
		{C57EC6F6-DB02-4B22-9241-9AC9AA24A390}.Debug|x64.ActiveCfg = Debug|x64
		{C57EC6F6-DB02-4B22-9241-9AC9AA24A390}.Debug|x64.Build.0 = Debug|x64
		{C57EC6F6-DB02-4B22-9241-9AC9AA24A390}.Debug|x86.ActiveCfg = Debug|Win32
		{C57EC6F6-DB02-4B22-9241-9AC9AA24A390}.Debug|x86.Build.0 = Debug|Win32
		{C57EC6F6-DB02-4B22-9241-9AC9AA24A390}.Release|Any CPU.ActiveCfg = Release|Win32
		{C57EC6F6-DB02-4B22-9241-9AC9AA24A390}.Release|x64.ActiveCfg = Debug|x64
		{C57EC6F6-DB02-4B22-9241-9AC9AA24A390}.Release|x64.Build.0 = Debug|x64
		{C57EC6F6-DB02-4B22-9241-9AC9AA24A390}.Release|x86.ActiveCfg = Release|Win32
		{C57EC6F6-DB02-4B22-9241-9AC9AA24A390}.Release|x86.Build.0 = Release|Win32
		{60454742-7B95-4C00-9FCE-7B2C2C590A94}.Debug|Any CPU.ActiveCfg = Debug|Win32
		{60454742-7B95-4C00-9FCE-7B2C2C590A94}.Debug|x64.ActiveCfg = Debug|x64
		{60454742-7B95-4C00-9FCE-7B2C2C590A94}.Debug|x64.Build.0 = Debug|x64
		{60454742-7B95-4C00-9FCE-7B2C2C590A94}.Debug|x86.ActiveCfg = Debug|Win32
		{60454742-7B95-4C00-9FCE-7B2C2C590A94}.Debug|x86.Build.0 = Debug|Win32
		{60454742-7B95-4C00-9FCE-7B2C2C590A94}.Release|Any CPU.ActiveCfg = Release|Win32
		{60454742-7B95-4C00-9FCE-7B2C2C590A94}.Release|x64.ActiveCfg = Release|x64
		{60454742-7B95-4C00-9FCE-7B2C2C590A94}.Release|x64.Build.0 = Release|x64
		{60454742-7B95-4C00-9FCE-7B2C2C590A94}.Release|x86.ActiveCfg = Release|Win32
		{60454742-7B95-4C00-9FCE-7B2C2C590A94}.Release|x86.Build.0 = Release|Win32
	EndGlobalSection
	GlobalSection(SolutionProperties) = preSolution
		HideSolutionNode = FALSE
	EndGlobalSection
	GlobalSection(ExtensibilityGlobals) = postSolution
		SolutionGuid = {9E3A315D-110A-46A8-B04D-AD93D643AFA9}
	EndGlobalSection
EndGlobal
