
Microsoft Visual Studio Solution File, Format Version 12.00
# Visual Studio 15
VisualStudioVersion = 15.0.27130.2010
MinimumVisualStudioVersion = 10.0.40219.1
Project("{8BC9CEB8-8B4A-11D0-8D11-00A0C91BC942}") = "LDPC", "LDPC\LDPC.vcxproj", "{659976CC-A1D9-4827-91B7-FEDE07E3D775}"
EndProject
Global
	GlobalSection(SolutionConfigurationPlatforms) = preSolution
		Debug|x64 = Debug|x64
		Debug|x86 = Debug|x86
		Release|x64 = Release|x64
		Release|x86 = Release|x86
	EndGlobalSection
	GlobalSection(ProjectConfigurationPlatforms) = postSolution
		{659976CC-A1D9-4827-91B7-FEDE07E3D775}.Debug|x64.ActiveCfg = Debug|x64
		{659976CC-A1D9-4827-91B7-FEDE07E3D775}.Debug|x64.Build.0 = Debug|x64
		{659976CC-A1D9-4827-91B7-FEDE07E3D775}.Debug|x86.ActiveCfg = Debug|Win32
		{659976CC-A1D9-4827-91B7-FEDE07E3D775}.Debug|x86.Build.0 = Debug|Win32
		{659976CC-A1D9-4827-91B7-FEDE07E3D775}.Release|x64.ActiveCfg = Release|x64
		{659976CC-A1D9-4827-91B7-FEDE07E3D775}.Release|x64.Build.0 = Release|x64
		{659976CC-A1D9-4827-91B7-FEDE07E3D775}.Release|x86.ActiveCfg = Release|Win32
		{659976CC-A1D9-4827-91B7-FEDE07E3D775}.Release|x86.Build.0 = Release|Win32
	EndGlobalSection
	GlobalSection(SolutionProperties) = preSolution
		HideSolutionNode = FALSE
	EndGlobalSection
	GlobalSection(ExtensibilityGlobals) = postSolution
		SolutionGuid = {9E3A315D-110A-46A8-B04D-AD93D643AFA9}
	EndGlobalSection
EndGlobal
